
Microsoft Visual Studio Solution File, Format Version 12.00
# Visual Studio Version 16
VisualStudioVersion = 16.0.31911.196
MinimumVisualStudioVersion = 10.0.40219.1
Project("{FAE04EC0-301F-11D3-BF4B-00C04F79EFBC}") = "DenyTirinaCartagena", "DenyTirinaCartagena\DenyTirinaCartagena.csproj", "{AF4AA802-D362-4F62-B352-A570C0186AA3}"
EndProject
Project("{FAE04EC0-301F-11D3-BF4B-00C04F79EFBC}") = "CapaDeNegocio", "CapaDeNegocio\CapaDeNegocio.csproj", "{4C417F94-C112-4134-B09E-6E1F74DF8B10}"
EndProject
Project("{FAE04EC0-301F-11D3-BF4B-00C04F79EFBC}") = "CapaDeDatos", "CapaDeDatos\CapaDeDatos.csproj", "{CE11BB50-DCB4-4FD8-A564-D826252D7390}"
EndProject
Global
	GlobalSection(SolutionConfigurationPlatforms) = preSolution
		Debug|Any CPU = Debug|Any CPU
		Release|Any CPU = Release|Any CPU
	EndGlobalSection
	GlobalSection(ProjectConfigurationPlatforms) = postSolution
		{AF4AA802-D362-4F62-B352-A570C0186AA3}.Debug|Any CPU.ActiveCfg = Debug|Any CPU
		{AF4AA802-D362-4F62-B352-A570C0186AA3}.Debug|Any CPU.Build.0 = Debug|Any CPU
		{AF4AA802-D362-4F62-B352-A570C0186AA3}.Release|Any CPU.ActiveCfg = Release|Any CPU
		{AF4AA802-D362-4F62-B352-A570C0186AA3}.Release|Any CPU.Build.0 = Release|Any CPU
		{4C417F94-C112-4134-B09E-6E1F74DF8B10}.Debug|Any CPU.ActiveCfg = Debug|Any CPU
		{4C417F94-C112-4134-B09E-6E1F74DF8B10}.Debug|Any CPU.Build.0 = Debug|Any CPU
		{4C417F94-C112-4134-B09E-6E1F74DF8B10}.Release|Any CPU.ActiveCfg = Release|Any CPU
		{4C417F94-C112-4134-B09E-6E1F74DF8B10}.Release|Any CPU.Build.0 = Release|Any CPU
		{CE11BB50-DCB4-4FD8-A564-D826252D7390}.Debug|Any CPU.ActiveCfg = Debug|Any CPU
		{CE11BB50-DCB4-4FD8-A564-D826252D7390}.Debug|Any CPU.Build.0 = Debug|Any CPU
		{CE11BB50-DCB4-4FD8-A564-D826252D7390}.Release|Any CPU.ActiveCfg = Release|Any CPU
		{CE11BB50-DCB4-4FD8-A564-D826252D7390}.Release|Any CPU.Build.0 = Release|Any CPU
	EndGlobalSection
	GlobalSection(SolutionProperties) = preSolution
		HideSolutionNode = FALSE
	EndGlobalSection
	GlobalSection(ExtensibilityGlobals) = postSolution
		SolutionGuid = {FB12CDC3-0238-4DB5-B860-69A1E11A31BA}
	EndGlobalSection
EndGlobal
